
Microsoft Visual Studio Solution File, Format Version 12.00
# Visual Studio Version 17
VisualStudioVersion = 17.9.34701.34
MinimumVisualStudioVersion = 10.0.40219.1
Project("{FAE04EC0-301F-11D3-BF4B-00C04F79EFBC}") = "PracticaNum6", "PracticaNum6\PracticaNum6.csproj", "{7210F88D-5B70-46E3-A0B1-67B537BEED4B}"
EndProject
Global
	GlobalSection(SolutionConfigurationPlatforms) = preSolution
		Debug|Any CPU = Debug|Any CPU
		Release|Any CPU = Release|Any CPU
	EndGlobalSection
	GlobalSection(ProjectConfigurationPlatforms) = postSolution
		{7210F88D-5B70-46E3-A0B1-67B537BEED4B}.Debug|Any CPU.ActiveCfg = Debug|Any CPU
		{7210F88D-5B70-46E3-A0B1-67B537BEED4B}.Debug|Any CPU.Build.0 = Debug|Any CPU
		{7210F88D-5B70-46E3-A0B1-67B537BEED4B}.Release|Any CPU.ActiveCfg = Release|Any CPU
		{7210F88D-5B70-46E3-A0B1-67B537BEED4B}.Release|Any CPU.Build.0 = Release|Any CPU
	EndGlobalSection
	GlobalSection(SolutionProperties) = preSolution
		HideSolutionNode = FALSE
	EndGlobalSection
	GlobalSection(ExtensibilityGlobals) = postSolution
		SolutionGuid = {E0178CDB-2A68-43E8-87B8-A3CAF828C585}
	EndGlobalSection
EndGlobal
